{
  "originHash" : "86a6f737da46fb4659489f7051ca42fdec6d3608d775600969ce1541496fdfa4",
  "pins" : [
    {
      "identity" : "isacfoundation",
      "kind" : "remoteSourceControl",
      "location" : "https://github.com/IsacShin/IsacFoundation.git",
      "state" : {
        "revision" : "9e6c0d9edcbda442f5af4c480af01d0b881d4801",
        "version" : "0.0.1"
      }
    }
  ],
  "version" : 3
}
